
Microsoft Visual Studio Solution File, Format Version 12.00
# Visual Studio 14
VisualStudioVersion = 14.0.25420.1
MinimumVisualStudioVersion = 10.0.40219.1
Project("{E24C65DC-7377-472B-9ABA-BC803B73C61A}") = "http://dev.247up.nl", "http://dev.247up.nl", "{51F4E82E-733D-43BD-81C0-65F062AA216D}"
	ProjectSection(WebsiteProperties) = preProject
		UseIISExpress = "false"
		TargetFrameworkMoniker = ".NETFramework,Version%3Dv4.0"
		Debug.AspNetCompiler.VirtualPath = "/dev.247up.nl"
		Debug.AspNetCompiler.PhysicalPath = "..\247up-website\"
		Debug.AspNetCompiler.TargetPath = "PrecompiledWeb\dev.247up.nl\"
		Debug.AspNetCompiler.Updateable = "true"
		Debug.AspNetCompiler.ForceOverwrite = "true"
		Debug.AspNetCompiler.FixedNames = "false"
		Debug.AspNetCompiler.Debug = "True"
		Release.AspNetCompiler.VirtualPath = "/dev.247up.nl"
		Release.AspNetCompiler.PhysicalPath = "..\247up-website\"
		Release.AspNetCompiler.TargetPath = "PrecompiledWeb\dev.247up.nl\"
		Release.AspNetCompiler.Updateable = "true"
		Release.AspNetCompiler.ForceOverwrite = "true"
		Release.AspNetCompiler.FixedNames = "false"
		Release.AspNetCompiler.Debug = "False"
		SlnRelativePath = "..\247up-website\"
	EndProjectSection
EndProject
Global
	GlobalSection(SolutionConfigurationPlatforms) = preSolution
		Debug|Any CPU = Debug|Any CPU
		Release|Any CPU = Release|Any CPU
	EndGlobalSection
	GlobalSection(ProjectConfigurationPlatforms) = postSolution
		{51F4E82E-733D-43BD-81C0-65F062AA216D}.Debug|Any CPU.ActiveCfg = Debug|Any CPU
		{51F4E82E-733D-43BD-81C0-65F062AA216D}.Debug|Any CPU.Build.0 = Debug|Any CPU
		{51F4E82E-733D-43BD-81C0-65F062AA216D}.Release|Any CPU.ActiveCfg = Debug|Any CPU
		{51F4E82E-733D-43BD-81C0-65F062AA216D}.Release|Any CPU.Build.0 = Debug|Any CPU
	EndGlobalSection
	GlobalSection(SolutionProperties) = preSolution
		HideSolutionNode = FALSE
	EndGlobalSection
EndGlobal
